
Microsoft Visual Studio Solution File, Format Version 11.00
# Visual C# Express 2010
Project("{FAE04EC0-301F-11D3-BF4B-00C04F79EFBC}") = "zaliczenie_vocoder", "zaliczenie_vocoder\zaliczenie_vocoder.csproj", "{E54E4BDF-CCB2-49F5-88F6-155DD829CE61}"
EndProject
Global
	GlobalSection(SolutionConfigurationPlatforms) = preSolution
		Debug|x86 = Debug|x86
		Release|x86 = Release|x86
	EndGlobalSection
	GlobalSection(ProjectConfigurationPlatforms) = postSolution
		{E54E4BDF-CCB2-49F5-88F6-155DD829CE61}.Debug|x86.ActiveCfg = Debug|x86
		{E54E4BDF-CCB2-49F5-88F6-155DD829CE61}.Debug|x86.Build.0 = Debug|x86
		{E54E4BDF-CCB2-49F5-88F6-155DD829CE61}.Release|x86.ActiveCfg = Release|x86
		{E54E4BDF-CCB2-49F5-88F6-155DD829CE61}.Release|x86.Build.0 = Release|x86
	EndGlobalSection
	GlobalSection(SolutionProperties) = preSolution
		HideSolutionNode = FALSE
	EndGlobalSection
EndGlobal
